// !$*UTF8*$!
{
	archiveVersion = 1;
	classes = {
	};
	objectVersion = 55;
	objects = {

/* Begin PBXBuildFile section */
		422169F428292D7000660FE7 /* R.generated.swift in Sources */ = {isa = PBXBuildFile; fileRef = 422169F328292D7000660FE7 /* R.generated.swift */; };
		422169F728292DFE00660FE7 /* Alamofire in Frameworks */ = {isa = PBXBuildFile; productRef = 422169F628292DFE00660FE7 /* Alamofire */; };
		422169F9282ACCB900660FE7 /* ModelsData.swift in Sources */ = {isa = PBXBuildFile; fileRef = 422169F8282ACCB900660FE7 /* ModelsData.swift */; };
		422169FC282BD70300660FE7 /* DataSource.swift in Sources */ = {isa = PBXBuildFile; fileRef = 422169FB282BD70300660FE7 /* DataSource.swift */; };
		42751E9228291E5400751253 /* AppDelegate.swift in Sources */ = {isa = PBXBuildFile; fileRef = 42751E9128291E5400751253 /* AppDelegate.swift */; };
		42751E9428291E5400751253 /* SceneDelegate.swift in Sources */ = {isa = PBXBuildFile; fileRef = 42751E9328291E5400751253 /* SceneDelegate.swift */; };
		42751E9628291E5400751253 /* ViewController.swift in Sources */ = {isa = PBXBuildFile; fileRef = 42751E9528291E5400751253 /* ViewController.swift */; };
		42751E9928291E5400751253 /* Main.storyboard in Resources */ = {isa = PBXBuildFile; fileRef = 42751E9728291E5400751253 /* Main.storyboard */; };
		42751E9B28291E5900751253 /* Assets.xcassets in Resources */ = {isa = PBXBuildFile; fileRef = 42751E9A28291E5900751253 /* Assets.xcassets */; };
		42751E9E28291E5900751253 /* LaunchScreen.storyboard in Resources */ = {isa = PBXBuildFile; fileRef = 42751E9C28291E5900751253 /* LaunchScreen.storyboard */; };
		42751EA72829218B00751253 /* Alamofire in Frameworks */ = {isa = PBXBuildFile; productRef = 42751EA62829218B00751253 /* Alamofire */; };
		4AAF0C18B89A0B2C9E4B73F8 /* Pods_The_Weather_App.framework in Frameworks */ = {isa = PBXBuildFile; fileRef = 5EA03D03AF6330C1A28A367A /* Pods_The_Weather_App.framework */; };
/* End PBXBuildFile section */

/* Begin PBXFileReference section */
		1F76DC7220D4FB50CC7BF07F /* Pods-The Weather App.release.xcconfig */ = {isa = PBXFileReference; includeInIndex = 1; lastKnownFileType = text.xcconfig; name = "Pods-The Weather App.release.xcconfig"; path = "Target Support Files/Pods-The Weather App/Pods-The Weather App.release.xcconfig"; sourceTree = "<group>"; };
		422169F328292D7000660FE7 /* R.generated.swift */ = {isa = PBXFileReference; fileEncoding = 4; lastKnownFileType = sourcecode.swift; path = R.generated.swift; sourceTree = SOURCE_ROOT; };
		422169F8282ACCB900660FE7 /* ModelsData.swift */ = {isa = PBXFileReference; lastKnownFileType = sourcecode.swift; path = ModelsData.swift; sourceTree = "<group>"; };
		422169FB282BD70300660FE7 /* DataSource.swift */ = {isa = PBXFileReference; fileEncoding = 4; lastKnownFileType = sourcecode.swift; path = DataSource.swift; sourceTree = "<group>"; };
		42751E8E28291E5400751253 /* The Weather App.app */ = {isa = PBXFileReference; explicitFileType = wrapper.application; includeInIndex = 0; path = "The Weather App.app"; sourceTree = BUILT_PRODUCTS_DIR; };
		42751E9128291E5400751253 /* AppDelegate.swift */ = {isa = PBXFileReference; lastKnownFileType = sourcecode.swift; path = AppDelegate.swift; sourceTree = "<group>"; };
		42751E9328291E5400751253 /* SceneDelegate.swift */ = {isa = PBXFileReference; lastKnownFileType = sourcecode.swift; path = SceneDelegate.swift; sourceTree = "<group>"; };
		42751E9528291E5400751253 /* ViewController.swift */ = {isa = PBXFileReference; lastKnownFileType = sourcecode.swift; path = ViewController.swift; sourceTree = "<group>"; };
		42751E9828291E5400751253 /* Base */ = {isa = PBXFileReference; lastKnownFileType = file.storyboard; name = Base; path = Base.lproj/Main.storyboard; sourceTree = "<group>"; };
		42751E9A28291E5900751253 /* Assets.xcassets */ = {isa = PBXFileReference; lastKnownFileType = folder.assetcatalog; path = Assets.xcassets; sourceTree = "<group>"; };
		42751E9D28291E5900751253 /* Base */ = {isa = PBXFileReference; lastKnownFileType = file.storyboard; name = Base; path = Base.lproj/LaunchScreen.storyboard; sourceTree = "<group>"; };
		42751E9F28291E5900751253 /* Info.plist */ = {isa = PBXFileReference; lastKnownFileType = text.plist.xml; path = Info.plist; sourceTree = "<group>"; };
		5EA03D03AF6330C1A28A367A /* Pods_The_Weather_App.framework */ = {isa = PBXFileReference; explicitFileType = wrapper.framework; includeInIndex = 0; path = Pods_The_Weather_App.framework; sourceTree = BUILT_PRODUCTS_DIR; };
		C422F9D3F732B654C508EC78 /* Pods-The Weather App.debug.xcconfig */ = {isa = PBXFileReference; includeInIndex = 1; lastKnownFileType = text.xcconfig; name = "Pods-The Weather App.debug.xcconfig"; path = "Target Support Files/Pods-The Weather App/Pods-The Weather App.debug.xcconfig"; sourceTree = "<group>"; };
/* End PBXFileReference section */

/* Begin PBXFrameworksBuildPhase section */
		42751E8B28291E5400751253 /* Frameworks */ = {
			isa = PBXFrameworksBuildPhase;
			buildActionMask = 2147483647;
			files = (
				422169F728292DFE00660FE7 /* Alamofire in Frameworks */,
				42751EA72829218B00751253 /* Alamofire in Frameworks */,
				4AAF0C18B89A0B2C9E4B73F8 /* Pods_The_Weather_App.framework in Frameworks */,
			);
			runOnlyForDeploymentPostprocessing = 0;
		};
/* End PBXFrameworksBuildPhase section */

/* Begin PBXGroup section */
		42751E8528291E5400751253 = {
			isa = PBXGroup;
			children = (
				42751E9028291E5400751253 /* The Weather App */,
				42751E8F28291E5400751253 /* Products */,
				F462B0828DCD4B54970B99A2 /* Pods */,
				DCF5599D3AE9F5D358837F14 /* Frameworks */,
			);
			sourceTree = "<group>";
		};
		42751E8F28291E5400751253 /* Products */ = {
			isa = PBXGroup;
			children = (
				42751E8E28291E5400751253 /* The Weather App.app */,
			);
			name = Products;
			sourceTree = "<group>";
		};
		42751E9028291E5400751253 /* The Weather App */ = {
			isa = PBXGroup;
			children = (
				42751E9128291E5400751253 /* AppDelegate.swift */,
				42751E9328291E5400751253 /* SceneDelegate.swift */,
				42751E9528291E5400751253 /* ViewController.swift */,
				422169F8282ACCB900660FE7 /* ModelsData.swift */,
				422169FB282BD70300660FE7 /* DataSource.swift */,
				42751E9728291E5400751253 /* Main.storyboard */,
				42751E9A28291E5900751253 /* Assets.xcassets */,
				42751E9C28291E5900751253 /* LaunchScreen.storyboard */,
				42751E9F28291E5900751253 /* Info.plist */,
				422169F328292D7000660FE7 /* R.generated.swift */,
			);
			path = "The Weather App";
			sourceTree = "<group>";
		};
		DCF5599D3AE9F5D358837F14 /* Frameworks */ = {
			isa = PBXGroup;
			children = (
				5EA03D03AF6330C1A28A367A /* Pods_The_Weather_App.framework */,
			);
			name = Frameworks;
			sourceTree = "<group>";
		};
		F462B0828DCD4B54970B99A2 /* Pods */ = {
			isa = PBXGroup;
			children = (
				C422F9D3F732B654C508EC78 /* Pods-The Weather App.debug.xcconfig */,
				1F76DC7220D4FB50CC7BF07F /* Pods-The Weather App.release.xcconfig */,
			);
			path = Pods;
			sourceTree = "<group>";
		};
/* End PBXGroup section */

/* Begin PBXNativeTarget section */
		42751E8D28291E5400751253 /* The Weather App */ = {
			isa = PBXNativeTarget;
			buildConfigurationList = 42751EA228291E5900751253 /* Build configuration list for PBXNativeTarget "The Weather App" */;
			buildPhases = (
				3CCB7E5B513C1D7E788856BC /* [CP] Check Pods Manifest.lock */,
				42751EA82829269700751253 /* ShellScript */,
				42751E8A28291E5400751253 /* Sources */,
				42751E8B28291E5400751253 /* Frameworks */,
				42751E8C28291E5400751253 /* Resources */,
				9D9DA1E756EF849409FC22D2 /* [CP] Embed Pods Frameworks */,
			);
			buildRules = (
			);
			dependencies = (
			);
			name = "The Weather App";
			packageProductDependencies = (
				42751EA62829218B00751253 /* Alamofire */,
				422169F628292DFE00660FE7 /* Alamofire */,
			);
			productName = "The Weather App";
			productReference = 42751E8E28291E5400751253 /* The Weather App.app */;
			productType = "com.apple.product-type.application";
		};
/* End PBXNativeTarget section */

/* Begin PBXProject section */
		42751E8628291E5400751253 /* Project object */ = {
			isa = PBXProject;
			attributes = {
				BuildIndependentTargetsInParallel = 1;
				LastSwiftUpdateCheck = 1330;
				LastUpgradeCheck = 1330;
				TargetAttributes = {
					42751E8D28291E5400751253 = {
						CreatedOnToolsVersion = 13.3.1;
					};
				};
			};
			buildConfigurationList = 42751E8928291E5400751253 /* Build configuration list for PBXProject "The Weather App" */;
			compatibilityVersion = "Xcode 13.0";
			developmentRegion = en;
			hasScannedForEncodings = 0;
			knownRegions = (
				en,
				Base,
			);
			mainGroup = 42751E8528291E5400751253;
			packageReferences = (
				42751EA52829218B00751253 /* XCRemoteSwiftPackageReference "Alamofire" */,
				422169F528292DFE00660FE7 /* XCRemoteSwiftPackageReference "Alamofire" */,
			);
			productRefGroup = 42751E8F28291E5400751253 /* Products */;
			projectDirPath = "";
			projectRoot = "";
			targets = (
				42751E8D28291E5400751253 /* The Weather App */,
			);
		};
/* End PBXProject section */

/* Begin PBXResourcesBuildPhase section */
		42751E8C28291E5400751253 /* Resources */ = {
			isa = PBXResourcesBuildPhase;
			buildActionMask = 2147483647;
			files = (
				42751E9E28291E5900751253 /* LaunchScreen.storyboard in Resources */,
				42751E9B28291E5900751253 /* Assets.xcassets in Resources */,
				42751E9928291E5400751253 /* Main.storyboard in Resources */,
			);
			runOnlyForDeploymentPostprocessing = 0;
		};
/* End PBXResourcesBuildPhase section */

/* Begin PBXShellScriptBuildPhase section */
		3CCB7E5B513C1D7E788856BC /* [CP] Check Pods Manifest.lock */ = {
			isa = PBXShellScriptBuildPhase;
			buildActionMask = 2147483647;
			files = (
			);
			inputFileListPaths = (
			);
			inputPaths = (
				"${PODS_PODFILE_DIR_PATH}/Podfile.lock",
				"${PODS_ROOT}/Manifest.lock",
			);
			name = "[CP] Check Pods Manifest.lock";
			outputFileListPaths = (
			);
			outputPaths = (
				"$(DERIVED_FILE_DIR)/Pods-The Weather App-checkManifestLockResult.txt",
			);
			runOnlyForDeploymentPostprocessing = 0;
			shellPath = /bin/sh;
			shellScript = "diff \"${PODS_PODFILE_DIR_PATH}/Podfile.lock\" \"${PODS_ROOT}/Manifest.lock\" > /dev/null\nif [ $? != 0 ] ; then\n    # print error to STDERR\n    echo \"error: The sandbox is not in sync with the Podfile.lock. Run 'pod install' or update your CocoaPods installation.\" >&2\n    exit 1\nfi\n# This output is used by Xcode 'outputs' to avoid re-running this script phase.\necho \"SUCCESS\" > \"${SCRIPT_OUTPUT_FILE_0}\"\n";
			showEnvVarsInLog = 0;
		};
		42751EA82829269700751253 /* ShellScript */ = {
			isa = PBXShellScriptBuildPhase;
			alwaysOutOfDate = 1;
			buildActionMask = 2147483647;
			files = (
			);
			inputFileListPaths = (
			);
			inputPaths = (
			);
			outputFileListPaths = (
			);
			outputPaths = (
				$SRCROOT/R.generated.swift,
			);
			runOnlyForDeploymentPostprocessing = 0;
			shellPath = /bin/sh;
			shellScript = "# Type a script or drag a script file from your workspace to insert its path.\n\"$PODS_ROOT/R.swift/rswift\" generate \"$SRCROOT/R.generated.swift\"\n";
		};
		9D9DA1E756EF849409FC22D2 /* [CP] Embed Pods Frameworks */ = {
			isa = PBXShellScriptBuildPhase;
			buildActionMask = 2147483647;
			files = (
			);
			inputFileListPaths = (
				"${PODS_ROOT}/Target Support Files/Pods-The Weather App/Pods-The Weather App-frameworks-${CONFIGURATION}-input-files.xcfilelist",
			);
			name = "[CP] Embed Pods Frameworks";
			outputFileListPaths = (
				"${PODS_ROOT}/Target Support Files/Pods-The Weather App/Pods-The Weather App-frameworks-${CONFIGURATION}-output-files.xcfilelist",
			);
			runOnlyForDeploymentPostprocessing = 0;
			shellPath = /bin/sh;
			shellScript = "\"${PODS_ROOT}/Target Support Files/Pods-The Weather App/Pods-The Weather App-frameworks.sh\"\n";
			showEnvVarsInLog = 0;
		};
/* End PBXShellScriptBuildPhase section */

/* Begin PBXSourcesBuildPhase section */
		42751E8A28291E5400751253 /* Sources */ = {
			isa = PBXSourcesBuildPhase;
			buildActionMask = 2147483647;
			files = (
				422169FC282BD70300660FE7 /* DataSource.swift in Sources */,
				42751E9628291E5400751253 /* ViewController.swift in Sources */,
				422169F9282ACCB900660FE7 /* ModelsData.swift in Sources */,
				42751E9228291E5400751253 /* AppDelegate.swift in Sources */,
				42751E9428291E5400751253 /* SceneDelegate.swift in Sources */,
				422169F428292D7000660FE7 /* R.generated.swift in Sources */,
			);
			runOnlyForDeploymentPostprocessing = 0;
		};
/* End PBXSourcesBuildPhase section */

/* Begin PBXVariantGroup section */
		42751E9728291E5400751253 /* Main.storyboard */ = {
			isa = PBXVariantGroup;
			children = (
				42751E9828291E5400751253 /* Base */,
			);
			name = Main.storyboard;
			sourceTree = "<group>";
		};
		42751E9C28291E5900751253 /* LaunchScreen.storyboard */ = {
			isa = PBXVariantGroup;
			children = (
				42751E9D28291E5900751253 /* Base */,
			);
			name = LaunchScreen.storyboard;
			sourceTree = "<group>";
		};
/* End PBXVariantGroup section */

/* Begin XCBuildConfiguration section */
		42751EA028291E5900751253 /* Debug */ = {
			isa = XCBuildConfiguration;
			buildSettings = {
				ALWAYS_SEARCH_USER_PATHS = NO;
				CLANG_ANALYZER_NONNULL = YES;
				CLANG_ANALYZER_NUMBER_OBJECT_CONVERSION = YES_AGGRESSIVE;
				CLANG_CXX_LANGUAGE_STANDARD = "gnu++17";
				CLANG_ENABLE_MODULES = YES;
				CLANG_ENABLE_OBJC_ARC = YES;
				CLANG_ENABLE_OBJC_WEAK = YES;
				CLANG_WARN_BLOCK_CAPTURE_AUTORELEASING = YES;
				CLANG_WARN_BOOL_CONVERSION = YES;
				CLANG_WARN_COMMA = YES;
				CLANG_WARN_CONSTANT_CONVERSION = YES;
				CLANG_WARN_DEPRECATED_OBJC_IMPLEMENTATIONS = YES;
				CLANG_WARN_DIRECT_OBJC_ISA_USAGE = YES_ERROR;
				CLANG_WARN_DOCUMENTATION_COMMENTS = YES;
				CLANG_WARN_EMPTY_BODY = YES;
				CLANG_WARN_ENUM_CONVERSION = YES;
				CLANG_WARN_INFINITE_RECURSION = YES;
				CLANG_WARN_INT_CONVERSION = YES;
				CLANG_WARN_NON_LITERAL_NULL_CONVERSION = YES;
				CLANG_WARN_OBJC_IMPLICIT_RETAIN_SELF = YES;
				CLANG_WARN_OBJC_LITERAL_CONVERSION = YES;
				CLANG_WARN_OBJC_ROOT_CLASS = YES_ERROR;
				CLANG_WARN_QUOTED_INCLUDE_IN_FRAMEWORK_HEADER = YES;
				CLANG_WARN_RANGE_LOOP_ANALYSIS = YES;
				CLANG_WARN_STRICT_PROTOTYPES = YES;
				CLANG_WARN_SUSPICIOUS_MOVE = YES;
				CLANG_WARN_UNGUARDED_AVAILABILITY = YES_AGGRESSIVE;
				CLANG_WARN_UNREACHABLE_CODE = YES;
				CLANG_WARN__DUPLICATE_METHOD_MATCH = YES;
				COPY_PHASE_STRIP = NO;
				DEBUG_INFORMATION_FORMAT = dwarf;
				ENABLE_STRICT_OBJC_MSGSEND = YES;
				ENABLE_TESTABILITY = YES;
				GCC_C_LANGUAGE_STANDARD = gnu11;
				GCC_DYNAMIC_NO_PIC = NO;
				GCC_NO_COMMON_BLOCKS = YES;
				GCC_OPTIMIZATION_LEVEL = 0;
				GCC_PREPROCESSOR_DEFINITIONS = (
					"DEBUG=1",
					"$(inherited)",
				);
				GCC_WARN_64_TO_32_BIT_CONVERSION = YES;
				GCC_WARN_ABOUT_RETURN_TYPE = YES_ERROR;
				GCC_WARN_UNDECLARED_SELECTOR = YES;
				GCC_WARN_UNINITIALIZED_AUTOS = YES_AGGRESSIVE;
				GCC_WARN_UNUSED_FUNCTION = YES;
				GCC_WARN_UNUSED_VARIABLE = YES;
				IPHONEOS_DEPLOYMENT_TARGET = 15.4;
				MTL_ENABLE_DEBUG_INFO = INCLUDE_SOURCE;
				MTL_FAST_MATH = YES;
				ONLY_ACTIVE_ARCH = YES;
				SDKROOT = iphoneos;
				SWIFT_ACTIVE_COMPILATION_CONDITIONS = DEBUG;
				SWIFT_OPTIMIZATION_LEVEL = "-Onone";
			};
			name = Debug;
		};
		42751EA128291E5900751253 /* Release */ = {
			isa = XCBuildConfiguration;
			buildSettings = {
				ALWAYS_SEARCH_USER_PATHS = NO;
				CLANG_ANALYZER_NONNULL = YES;
				CLANG_ANALYZER_NUMBER_OBJECT_CONVERSION = YES_AGGRESSIVE;
				CLANG_CXX_LANGUAGE_STANDARD = "gnu++17";
				CLANG_ENABLE_MODULES = YES;
				CLANG_ENABLE_OBJC_ARC = YES;
				CLANG_ENABLE_OBJC_WEAK = YES;
				CLANG_WARN_BLOCK_CAPTURE_AUTORELEASING = YES;
				CLANG_WARN_BOOL_CONVERSION = YES;
				CLANG_WARN_COMMA = YES;
				CLANG_WARN_CONSTANT_CONVERSION = YES;
				CLANG_WARN_DEPRECATED_OBJC_IMPLEMENTATIONS = YES;
				CLANG_WARN_DIRECT_OBJC_ISA_USAGE = YES_ERROR;
				CLANG_WARN_DOCUMENTATION_COMMENTS = YES;
				CLANG_WARN_EMPTY_BODY = YES;
				CLANG_WARN_ENUM_CONVERSION = YES;
				CLANG_WARN_INFINITE_RECURSION = YES;
				CLANG_WARN_INT_CONVERSION = YES;
				CLANG_WARN_NON_LITERAL_NULL_CONVERSION = YES;
				CLANG_WARN_OBJC_IMPLICIT_RETAIN_SELF = YES;
				CLANG_WARN_OBJC_LITERAL_CONVERSION = YES;
				CLANG_WARN_OBJC_ROOT_CLASS = YES_ERROR;
				CLANG_WARN_QUOTED_INCLUDE_IN_FRAMEWORK_HEADER = YES;
				CLANG_WARN_RANGE_LOOP_ANALYSIS = YES;
				CLANG_WARN_STRICT_PROTOTYPES = YES;
				CLANG_WARN_SUSPICIOUS_MOVE = YES;
				CLANG_WARN_UNGUARDED_AVAILABILITY = YES_AGGRESSIVE;
				CLANG_WARN_UNREACHABLE_CODE = YES;
				CLANG_WARN__DUPLICATE_METHOD_MATCH = YES;
				COPY_PHASE_STRIP = NO;
				DEBUG_INFORMATION_FORMAT = "dwarf-with-dsym";
				ENABLE_NS_ASSERTIONS = NO;
				ENABLE_STRICT_OBJC_MSGSEND = YES;
				GCC_C_LANGUAGE_STANDARD = gnu11;
				GCC_NO_COMMON_BLOCKS = YES;
				GCC_WARN_64_TO_32_BIT_CONVERSION = YES;
				GCC_WARN_ABOUT_RETURN_TYPE = YES_ERROR;
				GCC_WARN_UNDECLARED_SELECTOR = YES;
				GCC_WARN_UNINITIALIZED_AUTOS = YES_AGGRESSIVE;
				GCC_WARN_UNUSED_FUNCTION = YES;
				GCC_WARN_UNUSED_VARIABLE = YES;
				IPHONEOS_DEPLOYMENT_TARGET = 15.4;
				MTL_ENABLE_DEBUG_INFO = NO;
				MTL_FAST_MATH = YES;
				SDKROOT = iphoneos;
				SWIFT_COMPILATION_MODE = wholemodule;
				SWIFT_OPTIMIZATION_LEVEL = "-O";
				VALIDATE_PRODUCT = YES;
			};
			name = Release;
		};
		42751EA328291E5900751253 /* Debug */ = {
			isa = XCBuildConfiguration;
			baseConfigurationReference = C422F9D3F732B654C508EC78 /* Pods-The Weather App.debug.xcconfig */;
			buildSettings = {
				ASSETCATALOG_COMPILER_APPICON_NAME = AppIcon;
				ASSETCATALOG_COMPILER_GLOBAL_ACCENT_COLOR_NAME = AccentColor;
				CODE_SIGN_STYLE = Automatic;
				CURRENT_PROJECT_VERSION = 1;
				DEVELOPMENT_TEAM = GLTR4U994Q;
				GENERATE_INFOPLIST_FILE = YES;
				INFOPLIST_FILE = "The Weather App/Info.plist";
				INFOPLIST_KEY_UIApplicationSupportsIndirectInputEvents = YES;
				INFOPLIST_KEY_UILaunchStoryboardName = LaunchScreen;
				INFOPLIST_KEY_UIMainStoryboardFile = Main;
				INFOPLIST_KEY_UISupportedInterfaceOrientations_iPad = "UIInterfaceOrientationPortrait UIInterfaceOrientationPortraitUpsideDown UIInterfaceOrientationLandscapeLeft UIInterfaceOrientationLandscapeRight";
				INFOPLIST_KEY_UISupportedInterfaceOrientations_iPhone = "UIInterfaceOrientationPortrait UIInterfaceOrientationLandscapeLeft UIInterfaceOrientationLandscapeRight";
				LD_RUNPATH_SEARCH_PATHS = (
					"$(inherited)",
					"@executable_path/Frameworks",
				);
				MARKETING_VERSION = 1.0;
				PRODUCT_BUNDLE_IDENTIFIER = "by.Artsem-Siman.The-Weather-App";
				PRODUCT_NAME = "$(TARGET_NAME)";
				SWIFT_EMIT_LOC_STRINGS = YES;
				SWIFT_VERSION = 5.0;
				TARGETED_DEVICE_FAMILY = "1,2";
			};
			name = Debug;
		};
		42751EA428291E5900751253 /* Release */ = {
			isa = XCBuildConfiguration;
			baseConfigurationReference = 1F76DC7220D4FB50CC7BF07F /* Pods-The Weather App.release.xcconfig */;
			buildSettings = {
				ASSETCATALOG_COMPILER_APPICON_NAME = AppIcon;
				ASSETCATALOG_COMPILER_GLOBAL_ACCENT_COLOR_NAME = AccentColor;
				CODE_SIGN_STYLE = Automatic;
				CURRENT_PROJECT_VERSION = 1;
				DEVELOPMENT_TEAM = GLTR4U994Q;
				GENERATE_INFOPLIST_FILE = YES;
				INFOPLIST_FILE = "The Weather App/Info.plist";
				INFOPLIST_KEY_UIApplicationSupportsIndirectInputEvents = YES;
				INFOPLIST_KEY_UILaunchStoryboardName = LaunchScreen;
				INFOPLIST_KEY_UIMainStoryboardFile = Main;
				INFOPLIST_KEY_UISupportedInterfaceOrientations_iPad = "UIInterfaceOrientationPortrait UIInterfaceOrientationPortraitUpsideDown UIInterfaceOrientationLandscapeLeft UIInterfaceOrientationLandscapeRight";
				INFOPLIST_KEY_UISupportedInterfaceOrientations_iPhone = "UIInterfaceOrientationPortrait UIInterfaceOrientationLandscapeLeft UIInterfaceOrientationLandscapeRight";
				LD_RUNPATH_SEARCH_PATHS = (
					"$(inherited)",
					"@executable_path/Frameworks",
				);
				MARKETING_VERSION = 1.0;
				PRODUCT_BUNDLE_IDENTIFIER = "by.Artsem-Siman.The-Weather-App";
				PRODUCT_NAME = "$(TARGET_NAME)";
				SWIFT_EMIT_LOC_STRINGS = YES;
				SWIFT_VERSION = 5.0;
				TARGETED_DEVICE_FAMILY = "1,2";
			};
			name = Release;
		};
/* End XCBuildConfiguration section */

/* Begin XCConfigurationList section */
		42751E8928291E5400751253 /* Build configuration list for PBXProject "The Weather App" */ = {
			isa = XCConfigurationList;
			buildConfigurations = (
				42751EA028291E5900751253 /* Debug */,
				42751EA128291E5900751253 /* Release */,
			);
			defaultConfigurationIsVisible = 0;
			defaultConfigurationName = Release;
		};
		42751EA228291E5900751253 /* Build configuration list for PBXNativeTarget "The Weather App" */ = {
			isa = XCConfigurationList;
			buildConfigurations = (
				42751EA328291E5900751253 /* Debug */,
				42751EA428291E5900751253 /* Release */,
			);
			defaultConfigurationIsVisible = 0;
			defaultConfigurationName = Release;
		};
/* End XCConfigurationList section */

/* Begin XCRemoteSwiftPackageReference section */
		422169F528292DFE00660FE7 /* XCRemoteSwiftPackageReference "Alamofire" */ = {
			isa = XCRemoteSwiftPackageReference;
			repositoryURL = "https://github.com/Alamofire/Alamofire.git";
			requirement = {
				branch = master;
				kind = branch;
			};
		};
		42751EA52829218B00751253 /* XCRemoteSwiftPackageReference "Alamofire" */ = {
			isa = XCRemoteSwiftPackageReference;
			repositoryURL = "https://github.com/Alamofire/Alamofire.git";
			requirement = {
				kind = upToNextMajorVersion;
				minimumVersion = 5.0.0;
			};
		};
/* End XCRemoteSwiftPackageReference section */

/* Begin XCSwiftPackageProductDependency section */
		422169F628292DFE00660FE7 /* Alamofire */ = {
			isa = XCSwiftPackageProductDependency;
			package = 422169F528292DFE00660FE7 /* XCRemoteSwiftPackageReference "Alamofire" */;
			productName = Alamofire;
		};
		42751EA62829218B00751253 /* Alamofire */ = {
			isa = XCSwiftPackageProductDependency;
			package = 42751EA52829218B00751253 /* XCRemoteSwiftPackageReference "Alamofire" */;
			productName = Alamofire;
		};
/* End XCSwiftPackageProductDependency section */
	};
	rootObject = 42751E8628291E5400751253 /* Project object */;
}
